
Microsoft Visual Studio Solution File, Format Version 12.00
# Visual Studio 15
VisualStudioVersion = 15.0.26228.4
MinimumVisualStudioVersion = 10.0.40219.1
Project("{FAE04EC0-301F-11D3-BF4B-00C04F79EFBC}") = "SFH.IT.Hljodrit.Admin", "SFH.IT.Hljodrit.Admin\SFH.IT.Hljodrit.Admin.csproj", "{4C9BDE70-B1A3-435F-A62B-B4E049639809}"
EndProject
Project("{FAE04EC0-301F-11D3-BF4B-00C04F79EFBC}") = "SFH.IT.Hljodrit.Admin.Tests", "SFH.IT.Hljodrit.Admin.Tests\SFH.IT.Hljodrit.Admin.Tests.csproj", "{B83FFEA7-5569-4FA0-BDD7-D0AF77331422}"
EndProject
Project("{00D1A9C2-B5F0-4AF3-8072-F6C62B433612}") = "SFH.IT.Hljodrit.Db", "SFH.IT.Hljodrit.Admin.Data\SFH.IT.Hljodrit.Db.sqlproj", "{81766D07-3103-488F-BC84-C0A363EE03E6}"
EndProject
Project("{FAE04EC0-301F-11D3-BF4B-00C04F79EFBC}") = "SFH.IT.Hljodrit.Models", "SFH.IT.Hljodrit.Models\SFH.IT.Hljodrit.Models.csproj", "{61C88994-39A2-42DC-A764-19B38E6EAB5D}"
EndProject
Project("{FAE04EC0-301F-11D3-BF4B-00C04F79EFBC}") = "SFH.IT.Hljodrit.Services", "SFH.IT.Hljodrit.Services\SFH.IT.Hljodrit.Services.csproj", "{0D700503-A756-4CEE-AE29-B7FA796D42C3}"
EndProject
Project("{FAE04EC0-301F-11D3-BF4B-00C04F79EFBC}") = "SFH.IT.Hljodrit.Repositories", "SFH.IT.Hljodrit.Repositories\SFH.IT.Hljodrit.Repositories.csproj", "{3F97B8DE-5EA2-48CF-ADEA-3E8DF2FA48C0}"
EndProject
Project("{FAE04EC0-301F-11D3-BF4B-00C04F79EFBC}") = "SFH.IT.Hljodrit.Common", "SFH.IT.Hljodrit.Common\SFH.IT.Hljodrit.Common.csproj", "{A1574B0B-6421-49C5-80DE-64EED3CF8EB5}"
EndProject
Project("{FAE04EC0-301F-11D3-BF4B-00C04F79EFBC}") = "SFH.IT.Hljodrit.Web", "SFH.IT.Hljodrit.Web\SFH.IT.Hljodrit.Web.csproj", "{8C28F4E2-7DBC-4FDC-981A-62528F3A1CB7}"
EndProject
Project("{FAE04EC0-301F-11D3-BF4B-00C04F79EFBC}") = "SFH.IT.Hljodrit.Web.Tests", "SFH.IT.Hljodrit.Web.Tests\SFH.IT.Hljodrit.Web.Tests.csproj", "{4A7B2A45-6275-4474-A292-20E15DEC0BBE}"
EndProject
Project("{00D1A9C2-B5F0-4AF3-8072-F6C62B433612}") = "SFH.IT.Hljodrit.Db.Auth", "SFH.IT.Hljodrit.Db.Auth\SFH.IT.Hljodrit.Db.Auth.sqlproj", "{7453534C-647E-4A01-A796-E266F79D9478}"
EndProject
Global
	GlobalSection(SolutionConfigurationPlatforms) = preSolution
		Debug|Any CPU = Debug|Any CPU
		Release|Any CPU = Release|Any CPU
	EndGlobalSection
	GlobalSection(ProjectConfigurationPlatforms) = postSolution
		{4C9BDE70-B1A3-435F-A62B-B4E049639809}.Debug|Any CPU.ActiveCfg = Debug|Any CPU
		{4C9BDE70-B1A3-435F-A62B-B4E049639809}.Debug|Any CPU.Build.0 = Debug|Any CPU
		{4C9BDE70-B1A3-435F-A62B-B4E049639809}.Release|Any CPU.ActiveCfg = Release|Any CPU
		{4C9BDE70-B1A3-435F-A62B-B4E049639809}.Release|Any CPU.Build.0 = Release|Any CPU
		{B83FFEA7-5569-4FA0-BDD7-D0AF77331422}.Debug|Any CPU.ActiveCfg = Debug|Any CPU
		{B83FFEA7-5569-4FA0-BDD7-D0AF77331422}.Debug|Any CPU.Build.0 = Debug|Any CPU
		{B83FFEA7-5569-4FA0-BDD7-D0AF77331422}.Release|Any CPU.ActiveCfg = Release|Any CPU
		{B83FFEA7-5569-4FA0-BDD7-D0AF77331422}.Release|Any CPU.Build.0 = Release|Any CPU
		{81766D07-3103-488F-BC84-C0A363EE03E6}.Debug|Any CPU.ActiveCfg = Debug|Any CPU
		{81766D07-3103-488F-BC84-C0A363EE03E6}.Debug|Any CPU.Build.0 = Debug|Any CPU
		{81766D07-3103-488F-BC84-C0A363EE03E6}.Debug|Any CPU.Deploy.0 = Debug|Any CPU
		{81766D07-3103-488F-BC84-C0A363EE03E6}.Release|Any CPU.ActiveCfg = Release|Any CPU
		{81766D07-3103-488F-BC84-C0A363EE03E6}.Release|Any CPU.Build.0 = Release|Any CPU
		{81766D07-3103-488F-BC84-C0A363EE03E6}.Release|Any CPU.Deploy.0 = Release|Any CPU
		{61C88994-39A2-42DC-A764-19B38E6EAB5D}.Debug|Any CPU.ActiveCfg = Debug|Any CPU
		{61C88994-39A2-42DC-A764-19B38E6EAB5D}.Debug|Any CPU.Build.0 = Debug|Any CPU
		{61C88994-39A2-42DC-A764-19B38E6EAB5D}.Release|Any CPU.ActiveCfg = Release|Any CPU
		{61C88994-39A2-42DC-A764-19B38E6EAB5D}.Release|Any CPU.Build.0 = Release|Any CPU
		{0D700503-A756-4CEE-AE29-B7FA796D42C3}.Debug|Any CPU.ActiveCfg = Debug|Any CPU
		{0D700503-A756-4CEE-AE29-B7FA796D42C3}.Debug|Any CPU.Build.0 = Debug|Any CPU
		{0D700503-A756-4CEE-AE29-B7FA796D42C3}.Release|Any CPU.ActiveCfg = Release|Any CPU
		{0D700503-A756-4CEE-AE29-B7FA796D42C3}.Release|Any CPU.Build.0 = Release|Any CPU
		{3F97B8DE-5EA2-48CF-ADEA-3E8DF2FA48C0}.Debug|Any CPU.ActiveCfg = Debug|Any CPU
		{3F97B8DE-5EA2-48CF-ADEA-3E8DF2FA48C0}.Debug|Any CPU.Build.0 = Debug|Any CPU
		{3F97B8DE-5EA2-48CF-ADEA-3E8DF2FA48C0}.Release|Any CPU.ActiveCfg = Release|Any CPU
		{3F97B8DE-5EA2-48CF-ADEA-3E8DF2FA48C0}.Release|Any CPU.Build.0 = Release|Any CPU
		{A1574B0B-6421-49C5-80DE-64EED3CF8EB5}.Debug|Any CPU.ActiveCfg = Debug|Any CPU
		{A1574B0B-6421-49C5-80DE-64EED3CF8EB5}.Debug|Any CPU.Build.0 = Debug|Any CPU
		{A1574B0B-6421-49C5-80DE-64EED3CF8EB5}.Release|Any CPU.ActiveCfg = Release|Any CPU
		{A1574B0B-6421-49C5-80DE-64EED3CF8EB5}.Release|Any CPU.Build.0 = Release|Any CPU
		{8C28F4E2-7DBC-4FDC-981A-62528F3A1CB7}.Debug|Any CPU.ActiveCfg = Debug|Any CPU
		{8C28F4E2-7DBC-4FDC-981A-62528F3A1CB7}.Debug|Any CPU.Build.0 = Debug|Any CPU
		{8C28F4E2-7DBC-4FDC-981A-62528F3A1CB7}.Release|Any CPU.ActiveCfg = Release|Any CPU
		{8C28F4E2-7DBC-4FDC-981A-62528F3A1CB7}.Release|Any CPU.Build.0 = Release|Any CPU
		{4A7B2A45-6275-4474-A292-20E15DEC0BBE}.Debug|Any CPU.ActiveCfg = Debug|Any CPU
		{4A7B2A45-6275-4474-A292-20E15DEC0BBE}.Debug|Any CPU.Build.0 = Debug|Any CPU
		{4A7B2A45-6275-4474-A292-20E15DEC0BBE}.Release|Any CPU.ActiveCfg = Release|Any CPU
		{4A7B2A45-6275-4474-A292-20E15DEC0BBE}.Release|Any CPU.Build.0 = Release|Any CPU
		{7453534C-647E-4A01-A796-E266F79D9478}.Debug|Any CPU.ActiveCfg = Debug|Any CPU
		{7453534C-647E-4A01-A796-E266F79D9478}.Debug|Any CPU.Build.0 = Debug|Any CPU
		{7453534C-647E-4A01-A796-E266F79D9478}.Debug|Any CPU.Deploy.0 = Debug|Any CPU
		{7453534C-647E-4A01-A796-E266F79D9478}.Release|Any CPU.ActiveCfg = Release|Any CPU
		{7453534C-647E-4A01-A796-E266F79D9478}.Release|Any CPU.Build.0 = Release|Any CPU
		{7453534C-647E-4A01-A796-E266F79D9478}.Release|Any CPU.Deploy.0 = Release|Any CPU
	EndGlobalSection
	GlobalSection(SolutionProperties) = preSolution
		HideSolutionNode = FALSE
	EndGlobalSection
EndGlobal
